
Microsoft Visual Studio Solution File, Format Version 12.00
# Visual Studio Version 16
VisualStudioVersion = 16.0.29911.84
MinimumVisualStudioVersion = 10.0.40219.1
Project("{9A19103F-16F7-4668-BE54-9A1E7A4F7556}") = "Caliburn.Coroutines", "src\Caliburn.Coroutines\Caliburn.Coroutines.csproj", "{BA0B5C39-5851-41CA-94C3-9CAF09D203E9}"
EndProject
Global
	GlobalSection(SolutionConfigurationPlatforms) = preSolution
		Debug|Any CPU = Debug|Any CPU
		Release|Any CPU = Release|Any CPU
	EndGlobalSection
	GlobalSection(ProjectConfigurationPlatforms) = postSolution
		{BA0B5C39-5851-41CA-94C3-9CAF09D203E9}.Debug|Any CPU.ActiveCfg = Debug|Any CPU
		{BA0B5C39-5851-41CA-94C3-9CAF09D203E9}.Debug|Any CPU.Build.0 = Debug|Any CPU
		{BA0B5C39-5851-41CA-94C3-9CAF09D203E9}.Release|Any CPU.ActiveCfg = Release|Any CPU
		{BA0B5C39-5851-41CA-94C3-9CAF09D203E9}.Release|Any CPU.Build.0 = Release|Any CPU
	EndGlobalSection
	GlobalSection(SolutionProperties) = preSolution
		HideSolutionNode = FALSE
	EndGlobalSection
	GlobalSection(ExtensibilityGlobals) = postSolution
		SolutionGuid = {2C7BFF50-D47B-4D60-9E4A-A4D7A9662B8C}
	EndGlobalSection
EndGlobal
